
Microsoft Visual Studio Solution File, Format Version 12.00
# Visual Studio Version 17
VisualStudioVersion = 17.5.33516.290
MinimumVisualStudioVersion = 10.0.40219.1
Project("{803FD0C6-D64E-4E16-9DC3-1DAEC859A3D2}") = "wsjtx_lib", "wsjtx_lib.vgdbcmake", "{83C1C653-2196-4FDE-9E70-959722766649}"
EndProject
Global
	GlobalSection(SolutionConfigurationPlatforms) = preSolution
		Debug|VisualGDB = Debug|VisualGDB
		MinSizeRel|VisualGDB = MinSizeRel|VisualGDB
		Release|VisualGDB = Release|VisualGDB
		RelWithDebInfo|VisualGDB = RelWithDebInfo|VisualGDB
	EndGlobalSection
	GlobalSection(ProjectConfigurationPlatforms) = postSolution
		{83C1C653-2196-4FDE-9E70-959722766649}.Debug|VisualGDB.ActiveCfg = Debug|VisualGDB
		{83C1C653-2196-4FDE-9E70-959722766649}.Debug|VisualGDB.Build.0 = Debug|VisualGDB
		{83C1C653-2196-4FDE-9E70-959722766649}.MinSizeRel|VisualGDB.ActiveCfg = MinSizeRel|VisualGDB
		{83C1C653-2196-4FDE-9E70-959722766649}.MinSizeRel|VisualGDB.Build.0 = MinSizeRel|VisualGDB
		{83C1C653-2196-4FDE-9E70-959722766649}.Release|VisualGDB.ActiveCfg = Release|VisualGDB
		{83C1C653-2196-4FDE-9E70-959722766649}.Release|VisualGDB.Build.0 = Release|VisualGDB
		{83C1C653-2196-4FDE-9E70-959722766649}.RelWithDebInfo|VisualGDB.ActiveCfg = RelWithDebInfo|VisualGDB
		{83C1C653-2196-4FDE-9E70-959722766649}.RelWithDebInfo|VisualGDB.Build.0 = RelWithDebInfo|VisualGDB
	EndGlobalSection
	GlobalSection(SolutionProperties) = preSolution
		HideSolutionNode = FALSE
	EndGlobalSection
EndGlobal
